
Microsoft Visual Studio Solution File, Format Version 12.00
# Visual Studio Version 16
VisualStudioVersion = 16.0.29403.142
MinimumVisualStudioVersion = 10.0.40219.1
Project("{FAE04EC0-301F-11D3-BF4B-00C04F79EFBC}") = "work", "work\work.csproj", "{5E68098A-D5AD-4108-A5BA-3D2395C1AA77}"
EndProject
Global
	GlobalSection(SolutionConfigurationPlatforms) = preSolution
		Debug|Any CPU = Debug|Any CPU
		Release|Any CPU = Release|Any CPU
	EndGlobalSection
	GlobalSection(ProjectConfigurationPlatforms) = postSolution
		{5E68098A-D5AD-4108-A5BA-3D2395C1AA77}.Debug|Any CPU.ActiveCfg = Debug|Any CPU
		{5E68098A-D5AD-4108-A5BA-3D2395C1AA77}.Debug|Any CPU.Build.0 = Debug|Any CPU
		{5E68098A-D5AD-4108-A5BA-3D2395C1AA77}.Release|Any CPU.ActiveCfg = Release|Any CPU
		{5E68098A-D5AD-4108-A5BA-3D2395C1AA77}.Release|Any CPU.Build.0 = Release|Any CPU
	EndGlobalSection
	GlobalSection(SolutionProperties) = preSolution
		HideSolutionNode = FALSE
	EndGlobalSection
	GlobalSection(ExtensibilityGlobals) = postSolution
		SolutionGuid = {4E2FDEAB-C47E-41A2-9176-8165A31526CC}
	EndGlobalSection
EndGlobal
