
Microsoft Visual Studio Solution File, Format Version 12.00
# Visual Studio Version 16
VisualStudioVersion = 16.0.29306.81
MinimumVisualStudioVersion = 10.0.40219.1
Project("{FAE04EC0-301F-11D3-BF4B-00C04F79EFBC}") = "作业1", "作业1\作业1.csproj", "{2EB832F7-8BB2-4D57-9BA1-5B9303E73470}"
EndProject
Global
	GlobalSection(SolutionConfigurationPlatforms) = preSolution
		Debug|Any CPU = Debug|Any CPU
		Release|Any CPU = Release|Any CPU
	EndGlobalSection
	GlobalSection(ProjectConfigurationPlatforms) = postSolution
		{2EB832F7-8BB2-4D57-9BA1-5B9303E73470}.Debug|Any CPU.ActiveCfg = Debug|Any CPU
		{2EB832F7-8BB2-4D57-9BA1-5B9303E73470}.Debug|Any CPU.Build.0 = Debug|Any CPU
		{2EB832F7-8BB2-4D57-9BA1-5B9303E73470}.Release|Any CPU.ActiveCfg = Release|Any CPU
		{2EB832F7-8BB2-4D57-9BA1-5B9303E73470}.Release|Any CPU.Build.0 = Release|Any CPU
	EndGlobalSection
	GlobalSection(SolutionProperties) = preSolution
		HideSolutionNode = FALSE
	EndGlobalSection
	GlobalSection(ExtensibilityGlobals) = postSolution
		SolutionGuid = {1855CD6E-05E3-40C7-B3A2-630FA9ECE31C}
	EndGlobalSection
EndGlobal
